github.com/davecgh/go-spew v1.1.1 h1:vj9j/u1bqnvCEfJOwUhtlOARqs3+rkHYY13jYWTU97c=
github.com/davecgh/go-spew v1.1.1/go.mod h1:J7Y8YcW2NihsgmVo/mv3lAwl/skON4iLHjSsI+c5H38=
github.com/gookit/goutil v0.7.2 h1:NSiqWWY+BT0MwIlKDeSVPfQmr9xTkkAqwDjhplobdgo=
github.com/gookit/goutil v0.7.2/go.mod h1:vJS9HXctYTCLtCsZot5L5xF+O1oR17cDYO9R0HxBmnU=
github.com/kamalyes/go-argus v0.2.0 h1:xyH7lbdxTMuTMGrHUyiE9kwCXXWx7UDJeVXXpa8HoDQ=
github.com/kamalyes/go-argus v0.2.0/go.mod h1:dG5ttCh6wVn1u5qq4NEvoFtibgQ5Bj3PT8rw7HKX8c0=
github.com/kamalyes/go-argus v0.2.1 h1:OYIrKjNtjbGCBcVKPS1poNCegvgwJYOfXVp/8+x/tiM=
github.com/kamalyes/go-argus v0.2.1/go.mod h1:dG5ttCh6wVn1u5qq4NEvoFtibgQ5Bj3PT8rw7HKX8c0=
github.com/kamalyes/go-toolbox v0.15.2 h1:VqzwbOBzQEgwXMBRtQ4qUxIVE4QXOsNx7JmMsnRNKN8=
github.com/kamalyes/go-toolbox v0.15.2/go.mod h1:Mepa3KH5/brwYVgxZB7UkiLrSG8loHwfUPAQWRNMJiM=
github.com/kamalyes/go-toolbox v0.15.3 h1:dQbKyFjWq1QaiNcHI37zML0Nla+4z/7iydjjETj7lYE=
github.com/kamalyes/go-toolbox v0.15.3/go.mod h1:Mepa3KH5/brwYVgxZB7UkiLrSG8loHwfUPAQWRNMJiM=
github.com/pmezard/go-difflib v1.0.0 h1:4DBwDE0NGyQoBHbLQYPwSUPoCMWR5BEzIk/f1lZbAQM=
github.com/pmezard/go-difflib v1.0.0/go.mod h1:iKH77koFhYxTK1pcRnkKkqfTogsbg7gZNVY4sRDYZ/4=
github.com/stretchr/testify v1.11.1 h1:7s2iGBzp5EwR7/aIZr8ao5+dra3wiQyKjjFuvgVKu7U=
github.com/stretchr/testify v1.11.1/go.mod h1:wZwfW3scLgRK+23gO65QZefKpKQRnfz6sD981Nm4B6U=
golang.org/x/sync v0.11.0 h1:GGz8+XQP4FvTTrjZPzNKTMFtSXH80RAzG+5ghFPgK9w=
golang.org/x/sync v0.11.0/go.mod h1:Czt+wKu1gCyEFDUtn0jG5QVvpJ6rzVqr5aXyt9drQfk=
golang.org/x/sync v0.20.0 h1:e0PTpb7pjO8GAtTs2dQ6jYa5BWYlMuX047Dco/pItO4=
golang.org/x/sync v0.20.0/go.mod h1:9xrNwdLfx4jkKbNva9FpL6vEN7evnE43NNNJQ2LF3+0=
golang.org/x/sys v0.30.0 h1:QjkSwP/36a20jFYWkSue1YwXzLmsV5Gfq7Eiy72C1uc=
golang.org/x/sys v0.30.0/go.mod h1:/VUhepiaJMQUp4+oa/7Zr1D23ma6VTLIYjOOTFZPUcA=
golang.org/x/term v0.29.0 h1:L6pJp37ocefwRRtYPKSWOWzOtWSxVajvz2ldH/xi3iU=
golang.org/x/term v0.29.0/go.mod h1:6bl4lRlvVuDgSf3179VpIxBF0o10JUpXWOnI7nErv7s=
golang.org/x/text v0.22.0 h1:bofq7m3/HAFvbF51jz3Q9wLg3jkvSPuiZu/pD1XwgtM=
golang.org/x/text v0.22.0/go.mod h1:YRoo4H8PVmsu+E3Ou7cqLVH8oXWIHVoX0jqUWALQhfY=
golang.org/x/text v0.37.0 h1:Cqjiwd9eSg8e0QAkyCaQTNHFIIzWtidPahFWR83rTrc=
golang.org/x/text v0.37.0/go.mod h1:a5sjxXGs9hsn/AJVwuElvCAo9v8QYLzvavO5z2PiM38=
gopkg.in/yaml.v3 v3.0.1 h1:fxVm/GzAzEWqLHuvctI91KS9hhNmmWOoWu0XTYJS7CA=
gopkg.in/yaml.v3 v3.0.1/go.mod h1:K4uyk7z7BCEPqu6E+C64Yfv1cQ7kz7rIZviUmN+EgEM=
